// !$*UTF8*$!
{
	archiveVersion = 1;
	classes = {
	};
	objectVersion = 46;
	objects = {

/* Begin PBXBuildFile section */
		054F38561819A5CE0014E1D3 /* CSPMeeting.m in Sources */ = {isa = PBXBuildFile; fileRef = 054F38551819A5CE0014E1D3 /* CSPMeeting.m */; };
		054F38591819A5DC0014E1D3 /* CSPEmployee.m in Sources */ = {isa = PBXBuildFile; fileRef = 054F38581819A5DC0014E1D3 /* CSPEmployee.m */; };
		054F385B1819B0FF0014E1D3 /* problem4.txt in Resources */ = {isa = PBXBuildFile; fileRef = 054F385A1819B0FF0014E1D3 /* problem4.txt */; };
		05B7546A1815F420003B5A1F /* Foundation.framework in Frameworks */ = {isa = PBXBuildFile; fileRef = 05B754691815F420003B5A1F /* Foundation.framework */; };
		05B7546C1815F421003B5A1F /* CoreGraphics.framework in Frameworks */ = {isa = PBXBuildFile; fileRef = 05B7546B1815F420003B5A1F /* CoreGraphics.framework */; };
		05B7546E1815F421003B5A1F /* UIKit.framework in Frameworks */ = {isa = PBXBuildFile; fileRef = 05B7546D1815F421003B5A1F /* UIKit.framework */; };
		05B754741815F421003B5A1F /* InfoPlist.strings in Resources */ = {isa = PBXBuildFile; fileRef = 05B754721815F421003B5A1F /* InfoPlist.strings */; };
		05B754761815F421003B5A1F /* main.m in Sources */ = {isa = PBXBuildFile; fileRef = 05B754751815F421003B5A1F /* main.m */; };
		05B7547A1815F421003B5A1F /* AppDelegate.m in Sources */ = {isa = PBXBuildFile; fileRef = 05B754791815F421003B5A1F /* AppDelegate.m */; };
		05B7547C1815F421003B5A1F /* Images.xcassets in Resources */ = {isa = PBXBuildFile; fileRef = 05B7547B1815F421003B5A1F /* Images.xcassets */; };
		05B754831815F421003B5A1F /* XCTest.framework in Frameworks */ = {isa = PBXBuildFile; fileRef = 05B754821815F421003B5A1F /* XCTest.framework */; };
		05B754841815F421003B5A1F /* Foundation.framework in Frameworks */ = {isa = PBXBuildFile; fileRef = 05B754691815F420003B5A1F /* Foundation.framework */; };
		05B754851815F421003B5A1F /* UIKit.framework in Frameworks */ = {isa = PBXBuildFile; fileRef = 05B7546D1815F421003B5A1F /* UIKit.framework */; };
		05B7548D1815F421003B5A1F /* InfoPlist.strings in Resources */ = {isa = PBXBuildFile; fileRef = 05B7548B1815F421003B5A1F /* InfoPlist.strings */; };
		05B7548F1815F421003B5A1F /* CS440ConstraintSatisfactionTests.m in Sources */ = {isa = PBXBuildFile; fileRef = 05B7548E1815F421003B5A1F /* CS440ConstraintSatisfactionTests.m */; };
		05B7549C1815F690003B5A1F /* problem1.txt in Resources */ = {isa = PBXBuildFile; fileRef = 05B754991815F690003B5A1F /* problem1.txt */; };
		05B7549D1815F690003B5A1F /* problem2.txt in Resources */ = {isa = PBXBuildFile; fileRef = 05B7549A1815F690003B5A1F /* problem2.txt */; };
		05B7549E1815F690003B5A1F /* problem3.txt in Resources */ = {isa = PBXBuildFile; fileRef = 05B7549B1815F690003B5A1F /* problem3.txt */; };
		05B754A11815F8AD003B5A1F /* CSPMainViewController.m in Sources */ = {isa = PBXBuildFile; fileRef = 05B754A01815F8AD003B5A1F /* CSPMainViewController.m */; };
		05B754A51815F96D003B5A1F /* 854-list.png in Resources */ = {isa = PBXBuildFile; fileRef = 05B754A31815F96D003B5A1F /* 854-list.png */; };
		05B754A61815F96D003B5A1F /* 854-list@2x.png in Resources */ = {isa = PBXBuildFile; fileRef = 05B754A41815F96D003B5A1F /* 854-list@2x.png */; };
		05B754AC1815FB00003B5A1F /* CSPListViewController.m in Sources */ = {isa = PBXBuildFile; fileRef = 05B754AB1815FB00003B5A1F /* CSPListViewController.m */; };
		05B754AF1815FBEF003B5A1F /* CSPScheduleParsingOperation.m in Sources */ = {isa = PBXBuildFile; fileRef = 05B754AE1815FBEF003B5A1F /* CSPScheduleParsingOperation.m */; };
		05B754B918181123003B5A1F /* CSPSchedule.m in Sources */ = {isa = PBXBuildFile; fileRef = 05B754B818181123003B5A1F /* CSPSchedule.m */; };
		05B754BC1818C942003B5A1F /* CSPBacktrackingSearchOperation.m in Sources */ = {isa = PBXBuildFile; fileRef = 05B754BB1818C942003B5A1F /* CSPBacktrackingSearchOperation.m */; };
/* End PBXBuildFile section */

/* Begin PBXContainerItemProxy section */
		05B754861815F421003B5A1F /* PBXContainerItemProxy */ = {
			isa = PBXContainerItemProxy;
			containerPortal = 05B7545E1815F420003B5A1F /* Project object */;
			proxyType = 1;
			remoteGlobalIDString = 05B754651815F420003B5A1F;
			remoteInfo = CS440ConstraintSatisfaction;
		};
/* End PBXContainerItemProxy section */

/* Begin PBXFileReference section */
		054F38541819A5CE0014E1D3 /* CSPMeeting.h */ = {isa = PBXFileReference; fileEncoding = 4; lastKnownFileType = sourcecode.c.h; path = CSPMeeting.h; sourceTree = "<group>"; };
		054F38551819A5CE0014E1D3 /* CSPMeeting.m */ = {isa = PBXFileReference; fileEncoding = 4; lastKnownFileType = sourcecode.c.objc; path = CSPMeeting.m; sourceTree = "<group>"; };
		054F38571819A5DC0014E1D3 /* CSPEmployee.h */ = {isa = PBXFileReference; fileEncoding = 4; lastKnownFileType = sourcecode.c.h; path = CSPEmployee.h; sourceTree = "<group>"; };
		054F38581819A5DC0014E1D3 /* CSPEmployee.m */ = {isa = PBXFileReference; fileEncoding = 4; lastKnownFileType = sourcecode.c.objc; path = CSPEmployee.m; sourceTree = "<group>"; };
		054F385A1819B0FF0014E1D3 /* problem4.txt */ = {isa = PBXFileReference; fileEncoding = 4; lastKnownFileType = text; path = problem4.txt; sourceTree = "<group>"; };
		05B754661815F420003B5A1F /* CS440ConstraintSatisfaction.app */ = {isa = PBXFileReference; explicitFileType = wrapper.application; includeInIndex = 0; path = CS440ConstraintSatisfaction.app; sourceTree = BUILT_PRODUCTS_DIR; };
		05B754691815F420003B5A1F /* Foundation.framework */ = {isa = PBXFileReference; lastKnownFileType = wrapper.framework; name = Foundation.framework; path = System/Library/Frameworks/Foundation.framework; sourceTree = SDKROOT; };
		05B7546B1815F420003B5A1F /* CoreGraphics.framework */ = {isa = PBXFileReference; lastKnownFileType = wrapper.framework; name = CoreGraphics.framework; path = System/Library/Frameworks/CoreGraphics.framework; sourceTree = SDKROOT; };
		05B7546D1815F421003B5A1F /* UIKit.framework */ = {isa = PBXFileReference; lastKnownFileType = wrapper.framework; name = UIKit.framework; path = System/Library/Frameworks/UIKit.framework; sourceTree = SDKROOT; };
		05B754711815F421003B5A1F /* CS440ConstraintSatisfaction-Info.plist */ = {isa = PBXFileReference; lastKnownFileType = text.plist.xml; path = "CS440ConstraintSatisfaction-Info.plist"; sourceTree = "<group>"; };
		05B754731815F421003B5A1F /* en */ = {isa = PBXFileReference; lastKnownFileType = text.plist.strings; name = en; path = en.lproj/InfoPlist.strings; sourceTree = "<group>"; };
		05B754751815F421003B5A1F /* main.m */ = {isa = PBXFileReference; lastKnownFileType = sourcecode.c.objc; path = main.m; sourceTree = "<group>"; };
		05B754771815F421003B5A1F /* CS440ConstraintSatisfaction-Prefix.pch */ = {isa = PBXFileReference; lastKnownFileType = sourcecode.c.h; path = "CS440ConstraintSatisfaction-Prefix.pch"; sourceTree = "<group>"; };
		05B754781815F421003B5A1F /* AppDelegate.h */ = {isa = PBXFileReference; lastKnownFileType = sourcecode.c.h; path = AppDelegate.h; sourceTree = "<group>"; };
		05B754791815F421003B5A1F /* AppDelegate.m */ = {isa = PBXFileReference; lastKnownFileType = sourcecode.c.objc; path = AppDelegate.m; sourceTree = "<group>"; };
		05B7547B1815F421003B5A1F /* Images.xcassets */ = {isa = PBXFileReference; lastKnownFileType = folder.assetcatalog; path = Images.xcassets; sourceTree = "<group>"; };
		05B754811815F421003B5A1F /* CS440ConstraintSatisfactionTests.xctest */ = {isa = PBXFileReference; explicitFileType = wrapper.cfbundle; includeInIndex = 0; path = CS440ConstraintSatisfactionTests.xctest; sourceTree = BUILT_PRODUCTS_DIR; };
		05B754821815F421003B5A1F /* XCTest.framework */ = {isa = PBXFileReference; lastKnownFileType = wrapper.framework; name = XCTest.framework; path = Library/Frameworks/XCTest.framework; sourceTree = DEVELOPER_DIR; };
		05B7548A1815F421003B5A1F /* CS440ConstraintSatisfactionTests-Info.plist */ = {isa = PBXFileReference; lastKnownFileType = text.plist.xml; path = "CS440ConstraintSatisfactionTests-Info.plist"; sourceTree = "<group>"; };
		05B7548C1815F421003B5A1F /* en */ = {isa = PBXFileReference; lastKnownFileType = text.plist.strings; name = en; path = en.lproj/InfoPlist.strings; sourceTree = "<group>"; };
		05B7548E1815F421003B5A1F /* CS440ConstraintSatisfactionTests.m */ = {isa = PBXFileReference; lastKnownFileType = sourcecode.c.objc; path = CS440ConstraintSatisfactionTests.m; sourceTree = "<group>"; };
		05B754991815F690003B5A1F /* problem1.txt */ = {isa = PBXFileReference; fileEncoding = 4; lastKnownFileType = text; path = problem1.txt; sourceTree = "<group>"; };
		05B7549A1815F690003B5A1F /* problem2.txt */ = {isa = PBXFileReference; fileEncoding = 4; lastKnownFileType = text; path = problem2.txt; sourceTree = "<group>"; };
		05B7549B1815F690003B5A1F /* problem3.txt */ = {isa = PBXFileReference; fileEncoding = 4; lastKnownFileType = text; path = problem3.txt; sourceTree = "<group>"; };
		05B7549F1815F8AD003B5A1F /* CSPMainViewController.h */ = {isa = PBXFileReference; fileEncoding = 4; lastKnownFileType = sourcecode.c.h; path = CSPMainViewController.h; sourceTree = "<group>"; };
		05B754A01815F8AD003B5A1F /* CSPMainViewController.m */ = {isa = PBXFileReference; fileEncoding = 4; lastKnownFileType = sourcecode.c.objc; path = CSPMainViewController.m; sourceTree = "<group>"; };
		05B754A31815F96D003B5A1F /* 854-list.png */ = {isa = PBXFileReference; lastKnownFileType = image.png; path = "854-list.png"; sourceTree = "<group>"; };
		05B754A41815F96D003B5A1F /* 854-list@2x.png */ = {isa = PBXFileReference; lastKnownFileType = image.png; path = "854-list@2x.png"; sourceTree = "<group>"; };
		05B754AA1815FB00003B5A1F /* CSPListViewController.h */ = {isa = PBXFileReference; fileEncoding = 4; lastKnownFileType = sourcecode.c.h; path = CSPListViewController.h; sourceTree = "<group>"; };
		05B754AB1815FB00003B5A1F /* CSPListViewController.m */ = {isa = PBXFileReference; fileEncoding = 4; lastKnownFileType = sourcecode.c.objc; path = CSPListViewController.m; sourceTree = "<group>"; };
		05B754AD1815FBEF003B5A1F /* CSPScheduleParsingOperation.h */ = {isa = PBXFileReference; fileEncoding = 4; lastKnownFileType = sourcecode.c.h; path = CSPScheduleParsingOperation.h; sourceTree = "<group>"; };
		05B754AE1815FBEF003B5A1F /* CSPScheduleParsingOperation.m */ = {isa = PBXFileReference; fileEncoding = 4; lastKnownFileType = sourcecode.c.objc; path = CSPScheduleParsingOperation.m; sourceTree = "<group>"; };
		05B754B018160C84003B5A1F /* CSPListDelegate.h */ = {isa = PBXFileReference; fileEncoding = 4; lastKnownFileType = sourcecode.c.h; path = CSPListDelegate.h; sourceTree = "<group>"; };
		05B754B118160E5B003B5A1F /* CSPListSection.h */ = {isa = PBXFileReference; fileEncoding = 4; lastKnownFileType = sourcecode.c.h; path = CSPListSection.h; sourceTree = "<group>"; };
		05B754B718181123003B5A1F /* CSPSchedule.h */ = {isa = PBXFileReference; fileEncoding = 4; lastKnownFileType = sourcecode.c.h; path = CSPSchedule.h; sourceTree = "<group>"; };
		05B754B818181123003B5A1F /* CSPSchedule.m */ = {isa = PBXFileReference; fileEncoding = 4; lastKnownFileType = sourcecode.c.objc; path = CSPSchedule.m; sourceTree = "<group>"; };
		05B754BA1818C942003B5A1F /* CSPBacktrackingSearchOperation.h */ = {isa = PBXFileReference; fileEncoding = 4; lastKnownFileType = sourcecode.c.h; path = CSPBacktrackingSearchOperation.h; sourceTree = "<group>"; };
		05B754BB1818C942003B5A1F /* CSPBacktrackingSearchOperation.m */ = {isa = PBXFileReference; fileEncoding = 4; lastKnownFileType = sourcecode.c.objc; path = CSPBacktrackingSearchOperation.m; sourceTree = "<group>"; };
/* End PBXFileReference section */

/* Begin PBXFrameworksBuildPhase section */
		05B754631815F420003B5A1F /* Frameworks */ = {
			isa = PBXFrameworksBuildPhase;
			buildActionMask = 2147483647;
			files = (
				05B7546C1815F421003B5A1F /* CoreGraphics.framework in Frameworks */,
				05B7546E1815F421003B5A1F /* UIKit.framework in Frameworks */,
				05B7546A1815F420003B5A1F /* Foundation.framework in Frameworks */,
			);
			runOnlyForDeploymentPostprocessing = 0;
		};
		05B7547E1815F421003B5A1F /* Frameworks */ = {
			isa = PBXFrameworksBuildPhase;
			buildActionMask = 2147483647;
			files = (
				05B754831815F421003B5A1F /* XCTest.framework in Frameworks */,
				05B754851815F421003B5A1F /* UIKit.framework in Frameworks */,
				05B754841815F421003B5A1F /* Foundation.framework in Frameworks */,
			);
			runOnlyForDeploymentPostprocessing = 0;
		};
/* End PBXFrameworksBuildPhase section */

/* Begin PBXGroup section */
		05B7545D1815F420003B5A1F = {
			isa = PBXGroup;
			children = (
				05B7546F1815F421003B5A1F /* CS440ConstraintSatisfaction */,
				05B754881815F421003B5A1F /* CS440ConstraintSatisfactionTests */,
				05B754681815F420003B5A1F /* Frameworks */,
				05B754671815F420003B5A1F /* Products */,
			);
			sourceTree = "<group>";
		};
		05B754671815F420003B5A1F /* Products */ = {
			isa = PBXGroup;
			children = (
				05B754661815F420003B5A1F /* CS440ConstraintSatisfaction.app */,
				05B754811815F421003B5A1F /* CS440ConstraintSatisfactionTests.xctest */,
			);
			name = Products;
			sourceTree = "<group>";
		};
		05B754681815F420003B5A1F /* Frameworks */ = {
			isa = PBXGroup;
			children = (
				05B754691815F420003B5A1F /* Foundation.framework */,
				05B7546B1815F420003B5A1F /* CoreGraphics.framework */,
				05B7546D1815F421003B5A1F /* UIKit.framework */,
				05B754821815F421003B5A1F /* XCTest.framework */,
			);
			name = Frameworks;
			sourceTree = "<group>";
		};
		05B7546F1815F421003B5A1F /* CS440ConstraintSatisfaction */ = {
			isa = PBXGroup;
			children = (
				05B754A91815FADB003B5A1F /* Controller */,
				05B754A81815FAD9003B5A1F /* View */,
				05B754A71815FAD6003B5A1F /* Model */,
				05B754781815F421003B5A1F /* AppDelegate.h */,
				05B754791815F421003B5A1F /* AppDelegate.m */,
				05B7547B1815F421003B5A1F /* Images.xcassets */,
				05B754701815F421003B5A1F /* Supporting Files */,
			);
			path = CS440ConstraintSatisfaction;
			sourceTree = "<group>";
		};
		05B754701815F421003B5A1F /* Supporting Files */ = {
			isa = PBXGroup;
			children = (
				05B754A21815F964003B5A1F /* Images */,
				05B754981815F682003B5A1F /* Scheduling */,
				05B754711815F421003B5A1F /* CS440ConstraintSatisfaction-Info.plist */,
				05B754721815F421003B5A1F /* InfoPlist.strings */,
				05B754751815F421003B5A1F /* main.m */,
				05B754771815F421003B5A1F /* CS440ConstraintSatisfaction-Prefix.pch */,
			);
			name = "Supporting Files";
			sourceTree = "<group>";
		};
		05B754881815F421003B5A1F /* CS440ConstraintSatisfactionTests */ = {
			isa = PBXGroup;
			children = (
				05B7548E1815F421003B5A1F /* CS440ConstraintSatisfactionTests.m */,
				05B754891815F421003B5A1F /* Supporting Files */,
			);
			path = CS440ConstraintSatisfactionTests;
			sourceTree = "<group>";
		};
		05B754891815F421003B5A1F /* Supporting Files */ = {
			isa = PBXGroup;
			children = (
				05B7548A1815F421003B5A1F /* CS440ConstraintSatisfactionTests-Info.plist */,
				05B7548B1815F421003B5A1F /* InfoPlist.strings */,
			);
			name = "Supporting Files";
			sourceTree = "<group>";
		};
		05B754981815F682003B5A1F /* Scheduling */ = {
			isa = PBXGroup;
			children = (
				05B754991815F690003B5A1F /* problem1.txt */,
				05B7549A1815F690003B5A1F /* problem2.txt */,
				05B7549B1815F690003B5A1F /* problem3.txt */,
				054F385A1819B0FF0014E1D3 /* problem4.txt */,
			);
			name = Scheduling;
			sourceTree = "<group>";
		};
		05B754A21815F964003B5A1F /* Images */ = {
			isa = PBXGroup;
			children = (
				05B754A31815F96D003B5A1F /* 854-list.png */,
				05B754A41815F96D003B5A1F /* 854-list@2x.png */,
			);
			name = Images;
			sourceTree = "<group>";
		};
		05B754A71815FAD6003B5A1F /* Model */ = {
			isa = PBXGroup;
			children = (
				05B754B718181123003B5A1F /* CSPSchedule.h */,
				05B754B818181123003B5A1F /* CSPSchedule.m */,
				054F38541819A5CE0014E1D3 /* CSPMeeting.h */,
				054F38551819A5CE0014E1D3 /* CSPMeeting.m */,
				054F38571819A5DC0014E1D3 /* CSPEmployee.h */,
				054F38581819A5DC0014E1D3 /* CSPEmployee.m */,
				05B754AD1815FBEF003B5A1F /* CSPScheduleParsingOperation.h */,
				05B754AE1815FBEF003B5A1F /* CSPScheduleParsingOperation.m */,
				05B754BA1818C942003B5A1F /* CSPBacktrackingSearchOperation.h */,
				05B754BB1818C942003B5A1F /* CSPBacktrackingSearchOperation.m */,
				05B754B018160C84003B5A1F /* CSPListDelegate.h */,
				05B754B118160E5B003B5A1F /* CSPListSection.h */,
			);
			name = Model;
			sourceTree = "<group>";
		};
		05B754A81815FAD9003B5A1F /* View */ = {
			isa = PBXGroup;
			children = (
			);
			name = View;
			sourceTree = "<group>";
		};
		05B754A91815FADB003B5A1F /* Controller */ = {
			isa = PBXGroup;
			children = (
				05B7549F1815F8AD003B5A1F /* CSPMainViewController.h */,
				05B754A01815F8AD003B5A1F /* CSPMainViewController.m */,
				05B754AA1815FB00003B5A1F /* CSPListViewController.h */,
				05B754AB1815FB00003B5A1F /* CSPListViewController.m */,
			);
			name = Controller;
			sourceTree = "<group>";
		};
/* End PBXGroup section */

/* Begin PBXNativeTarget section */
		05B754651815F420003B5A1F /* CS440ConstraintSatisfaction */ = {
			isa = PBXNativeTarget;
			buildConfigurationList = 05B754921815F421003B5A1F /* Build configuration list for PBXNativeTarget "CS440ConstraintSatisfaction" */;
			buildPhases = (
				05B754621815F420003B5A1F /* Sources */,
				05B754631815F420003B5A1F /* Frameworks */,
				05B754641815F420003B5A1F /* Resources */,
			);
			buildRules = (
			);
			dependencies = (
			);
			name = CS440ConstraintSatisfaction;
			productName = CS440ConstraintSatisfaction;
			productReference = 05B754661815F420003B5A1F /* CS440ConstraintSatisfaction.app */;
			productType = "com.apple.product-type.application";
		};
		05B754801815F421003B5A1F /* CS440ConstraintSatisfactionTests */ = {
			isa = PBXNativeTarget;
			buildConfigurationList = 05B754951815F421003B5A1F /* Build configuration list for PBXNativeTarget "CS440ConstraintSatisfactionTests" */;
			buildPhases = (
				05B7547D1815F421003B5A1F /* Sources */,
				05B7547E1815F421003B5A1F /* Frameworks */,
				05B7547F1815F421003B5A1F /* Resources */,
			);
			buildRules = (
			);
			dependencies = (
				05B754871815F421003B5A1F /* PBXTargetDependency */,
			);
			name = CS440ConstraintSatisfactionTests;
			productName = CS440ConstraintSatisfactionTests;
			productReference = 05B754811815F421003B5A1F /* CS440ConstraintSatisfactionTests.xctest */;
			productType = "com.apple.product-type.bundle.unit-test";
		};
/* End PBXNativeTarget section */

/* Begin PBXProject section */
		05B7545E1815F420003B5A1F /* Project object */ = {
			isa = PBXProject;
			attributes = {
				CLASSPREFIX = CSP;
				LastUpgradeCheck = 0500;
				ORGANIZATIONNAME = "Troy Chmieleski";
				TargetAttributes = {
					05B754801815F421003B5A1F = {
						TestTargetID = 05B754651815F420003B5A1F;
					};
				};
			};
			buildConfigurationList = 05B754611815F420003B5A1F /* Build configuration list for PBXProject "CS440ConstraintSatisfaction" */;
			compatibilityVersion = "Xcode 3.2";
			developmentRegion = English;
			hasScannedForEncodings = 0;
			knownRegions = (
				en,
			);
			mainGroup = 05B7545D1815F420003B5A1F;
			productRefGroup = 05B754671815F420003B5A1F /* Products */;
			projectDirPath = "";
			projectRoot = "";
			targets = (
				05B754651815F420003B5A1F /* CS440ConstraintSatisfaction */,
				05B754801815F421003B5A1F /* CS440ConstraintSatisfactionTests */,
			);
		};
/* End PBXProject section */

/* Begin PBXResourcesBuildPhase section */
		05B754641815F420003B5A1F /* Resources */ = {
			isa = PBXResourcesBuildPhase;
			buildActionMask = 2147483647;
			files = (
				05B754741815F421003B5A1F /* InfoPlist.strings in Resources */,
				05B754A61815F96D003B5A1F /* 854-list@2x.png in Resources */,
				05B754A51815F96D003B5A1F /* 854-list.png in Resources */,
				05B7549D1815F690003B5A1F /* problem2.txt in Resources */,
				05B7547C1815F421003B5A1F /* Images.xcassets in Resources */,
				05B7549C1815F690003B5A1F /* problem1.txt in Resources */,
				05B7549E1815F690003B5A1F /* problem3.txt in Resources */,
				054F385B1819B0FF0014E1D3 /* problem4.txt in Resources */,
			);
			runOnlyForDeploymentPostprocessing = 0;
		};
		05B7547F1815F421003B5A1F /* Resources */ = {
			isa = PBXResourcesBuildPhase;
			buildActionMask = 2147483647;
			files = (
				05B7548D1815F421003B5A1F /* InfoPlist.strings in Resources */,
			);
			runOnlyForDeploymentPostprocessing = 0;
		};
/* End PBXResourcesBuildPhase section */

/* Begin PBXSourcesBuildPhase section */
		05B754621815F420003B5A1F /* Sources */ = {
			isa = PBXSourcesBuildPhase;
			buildActionMask = 2147483647;
			files = (
				05B754A11815F8AD003B5A1F /* CSPMainViewController.m in Sources */,
				05B754B918181123003B5A1F /* CSPSchedule.m in Sources */,
				05B754BC1818C942003B5A1F /* CSPBacktrackingSearchOperation.m in Sources */,
				05B7547A1815F421003B5A1F /* AppDelegate.m in Sources */,
				054F38591819A5DC0014E1D3 /* CSPEmployee.m in Sources */,
				05B754761815F421003B5A1F /* main.m in Sources */,
				05B754AC1815FB00003B5A1F /* CSPListViewController.m in Sources */,
				054F38561819A5CE0014E1D3 /* CSPMeeting.m in Sources */,
				05B754AF1815FBEF003B5A1F /* CSPScheduleParsingOperation.m in Sources */,
			);
			runOnlyForDeploymentPostprocessing = 0;
		};
		05B7547D1815F421003B5A1F /* Sources */ = {
			isa = PBXSourcesBuildPhase;
			buildActionMask = 2147483647;
			files = (
				05B7548F1815F421003B5A1F /* CS440ConstraintSatisfactionTests.m in Sources */,
			);
			runOnlyForDeploymentPostprocessing = 0;
		};
/* End PBXSourcesBuildPhase section */

/* Begin PBXTargetDependency section */
		05B754871815F421003B5A1F /* PBXTargetDependency */ = {
			isa = PBXTargetDependency;
			target = 05B754651815F420003B5A1F /* CS440ConstraintSatisfaction */;
			targetProxy = 05B754861815F421003B5A1F /* PBXContainerItemProxy */;
		};
/* End PBXTargetDependency section */

/* Begin PBXVariantGroup section */
		05B754721815F421003B5A1F /* InfoPlist.strings */ = {
			isa = PBXVariantGroup;
			children = (
				05B754731815F421003B5A1F /* en */,
			);
			name = InfoPlist.strings;
			sourceTree = "<group>";
		};
		05B7548B1815F421003B5A1F /* InfoPlist.strings */ = {
			isa = PBXVariantGroup;
			children = (
				05B7548C1815F421003B5A1F /* en */,
			);
			name = InfoPlist.strings;
			sourceTree = "<group>";
		};
/* End PBXVariantGroup section */

/* Begin XCBuildConfiguration section */
		05B754901815F421003B5A1F /* Debug */ = {
			isa = XCBuildConfiguration;
			buildSettings = {
				ALWAYS_SEARCH_USER_PATHS = NO;
				ARCHS = "$(ARCHS_STANDARD_INCLUDING_64_BIT)";
				CLANG_CXX_LANGUAGE_STANDARD = "gnu++0x";
				CLANG_CXX_LIBRARY = "libc++";
				CLANG_ENABLE_MODULES = YES;
				CLANG_ENABLE_OBJC_ARC = YES;
				CLANG_WARN_BOOL_CONVERSION = YES;
				CLANG_WARN_CONSTANT_CONVERSION = YES;
				CLANG_WARN_DIRECT_OBJC_ISA_USAGE = YES_ERROR;
				CLANG_WARN_EMPTY_BODY = YES;
				CLANG_WARN_ENUM_CONVERSION = YES;
				CLANG_WARN_INT_CONVERSION = YES;
				CLANG_WARN_OBJC_ROOT_CLASS = YES_ERROR;
				CLANG_WARN__DUPLICATE_METHOD_MATCH = YES;
				"CODE_SIGN_IDENTITY[sdk=iphoneos*]" = "iPhone Developer";
				COPY_PHASE_STRIP = NO;
				GCC_C_LANGUAGE_STANDARD = gnu99;
				GCC_DYNAMIC_NO_PIC = NO;
				GCC_OPTIMIZATION_LEVEL = 0;
				GCC_PREPROCESSOR_DEFINITIONS = (
					"DEBUG=1",
					"$(inherited)",
				);
				GCC_SYMBOLS_PRIVATE_EXTERN = NO;
				GCC_WARN_64_TO_32_BIT_CONVERSION = YES;
				GCC_WARN_ABOUT_RETURN_TYPE = YES_ERROR;
				GCC_WARN_UNDECLARED_SELECTOR = YES;
				GCC_WARN_UNINITIALIZED_AUTOS = YES;
				GCC_WARN_UNUSED_FUNCTION = YES;
				GCC_WARN_UNUSED_VARIABLE = YES;
				IPHONEOS_DEPLOYMENT_TARGET = 7.0;
				ONLY_ACTIVE_ARCH = YES;
				SDKROOT = iphoneos;
			};
			name = Debug;
		};
		05B754911815F421003B5A1F /* Release */ = {
			isa = XCBuildConfiguration;
			buildSettings = {
				ALWAYS_SEARCH_USER_PATHS = NO;
				ARCHS = "$(ARCHS_STANDARD_INCLUDING_64_BIT)";
				CLANG_CXX_LANGUAGE_STANDARD = "gnu++0x";
				CLANG_CXX_LIBRARY = "libc++";
				CLANG_ENABLE_MODULES = YES;
				CLANG_ENABLE_OBJC_ARC = YES;
				CLANG_WARN_BOOL_CONVERSION = YES;
				CLANG_WARN_CONSTANT_CONVERSION = YES;
				CLANG_WARN_DIRECT_OBJC_ISA_USAGE = YES_ERROR;
				CLANG_WARN_EMPTY_BODY = YES;
				CLANG_WARN_ENUM_CONVERSION = YES;
				CLANG_WARN_INT_CONVERSION = YES;
				CLANG_WARN_OBJC_ROOT_CLASS = YES_ERROR;
				CLANG_WARN__DUPLICATE_METHOD_MATCH = YES;
				"CODE_SIGN_IDENTITY[sdk=iphoneos*]" = "iPhone Developer";
				COPY_PHASE_STRIP = YES;
				ENABLE_NS_ASSERTIONS = NO;
				GCC_C_LANGUAGE_STANDARD = gnu99;
				GCC_WARN_64_TO_32_BIT_CONVERSION = YES;
				GCC_WARN_ABOUT_RETURN_TYPE = YES_ERROR;
				GCC_WARN_UNDECLARED_SELECTOR = YES;
				GCC_WARN_UNINITIALIZED_AUTOS = YES;
				GCC_WARN_UNUSED_FUNCTION = YES;
				GCC_WARN_UNUSED_VARIABLE = YES;
				IPHONEOS_DEPLOYMENT_TARGET = 7.0;
				SDKROOT = iphoneos;
				VALIDATE_PRODUCT = YES;
			};
			name = Release;
		};
		05B754931815F421003B5A1F /* Debug */ = {
			isa = XCBuildConfiguration;
			buildSettings = {
				ASSETCATALOG_COMPILER_APPICON_NAME = AppIcon;
				ASSETCATALOG_COMPILER_LAUNCHIMAGE_NAME = LaunchImage;
				GCC_PRECOMPILE_PREFIX_HEADER = YES;
				GCC_PREFIX_HEADER = "CS440ConstraintSatisfaction/CS440ConstraintSatisfaction-Prefix.pch";
				INFOPLIST_FILE = "CS440ConstraintSatisfaction/CS440ConstraintSatisfaction-Info.plist";
				PRODUCT_NAME = "$(TARGET_NAME)";
				WRAPPER_EXTENSION = app;
			};
			name = Debug;
		};
		05B754941815F421003B5A1F /* Release */ = {
			isa = XCBuildConfiguration;
			buildSettings = {
				ASSETCATALOG_COMPILER_APPICON_NAME = AppIcon;
				ASSETCATALOG_COMPILER_LAUNCHIMAGE_NAME = LaunchImage;
				GCC_OPTIMIZATION_LEVEL = fast;
				GCC_PRECOMPILE_PREFIX_HEADER = YES;
				GCC_PREFIX_HEADER = "CS440ConstraintSatisfaction/CS440ConstraintSatisfaction-Prefix.pch";
				INFOPLIST_FILE = "CS440ConstraintSatisfaction/CS440ConstraintSatisfaction-Info.plist";
				PRODUCT_NAME = "$(TARGET_NAME)";
				WRAPPER_EXTENSION = app;
			};
			name = Release;
		};
		05B754961815F421003B5A1F /* Debug */ = {
			isa = XCBuildConfiguration;
			buildSettings = {
				ARCHS = "$(ARCHS_STANDARD_INCLUDING_64_BIT)";
				BUNDLE_LOADER = "$(BUILT_PRODUCTS_DIR)/CS440ConstraintSatisfaction.app/CS440ConstraintSatisfaction";
				FRAMEWORK_SEARCH_PATHS = (
					"$(SDKROOT)/Developer/Library/Frameworks",
					"$(inherited)",
					"$(DEVELOPER_FRAMEWORKS_DIR)",
				);
				GCC_PRECOMPILE_PREFIX_HEADER = YES;
				GCC_PREFIX_HEADER = "CS440ConstraintSatisfaction/CS440ConstraintSatisfaction-Prefix.pch";
				GCC_PREPROCESSOR_DEFINITIONS = (
					"DEBUG=1",
					"$(inherited)",
				);
				INFOPLIST_FILE = "CS440ConstraintSatisfactionTests/CS440ConstraintSatisfactionTests-Info.plist";
				PRODUCT_NAME = "$(TARGET_NAME)";
				TEST_HOST = "$(BUNDLE_LOADER)";
				WRAPPER_EXTENSION = xctest;
			};
			name = Debug;
		};
		05B754971815F421003B5A1F /* Release */ = {
			isa = XCBuildConfiguration;
			buildSettings = {
				ARCHS = "$(ARCHS_STANDARD_INCLUDING_64_BIT)";
				BUNDLE_LOADER = "$(BUILT_PRODUCTS_DIR)/CS440ConstraintSatisfaction.app/CS440ConstraintSatisfaction";
				FRAMEWORK_SEARCH_PATHS = (
					"$(SDKROOT)/Developer/Library/Frameworks",
					"$(inherited)",
					"$(DEVELOPER_FRAMEWORKS_DIR)",
				);
				GCC_PRECOMPILE_PREFIX_HEADER = YES;
				GCC_PREFIX_HEADER = "CS440ConstraintSatisfaction/CS440ConstraintSatisfaction-Prefix.pch";
				INFOPLIST_FILE = "CS440ConstraintSatisfactionTests/CS440ConstraintSatisfactionTests-Info.plist";
				PRODUCT_NAME = "$(TARGET_NAME)";
				TEST_HOST = "$(BUNDLE_LOADER)";
				WRAPPER_EXTENSION = xctest;
			};
			name = Release;
		};
/* End XCBuildConfiguration section */

/* Begin XCConfigurationList section */
		05B754611815F420003B5A1F /* Build configuration list for PBXProject "CS440ConstraintSatisfaction" */ = {
			isa = XCConfigurationList;
			buildConfigurations = (
				05B754901815F421003B5A1F /* Debug */,
				05B754911815F421003B5A1F /* Release */,
			);
			defaultConfigurationIsVisible = 0;
			defaultConfigurationName = Release;
		};
		05B754921815F421003B5A1F /* Build configuration list for PBXNativeTarget "CS440ConstraintSatisfaction" */ = {
			isa = XCConfigurationList;
			buildConfigurations = (
				05B754931815F421003B5A1F /* Debug */,
				05B754941815F421003B5A1F /* Release */,
			);
			defaultConfigurationIsVisible = 0;
			defaultConfigurationName = Release;
		};
		05B754951815F421003B5A1F /* Build configuration list for PBXNativeTarget "CS440ConstraintSatisfactionTests" */ = {
			isa = XCConfigurationList;
			buildConfigurations = (
				05B754961815F421003B5A1F /* Debug */,
				05B754971815F421003B5A1F /* Release */,
			);
			defaultConfigurationIsVisible = 0;
			defaultConfigurationName = Release;
		};
/* End XCConfigurationList section */
	};
	rootObject = 05B7545E1815F420003B5A1F /* Project object */;
}
